# THIS IS AN AUTOGENERATED FILE. DO NOT EDIT THIS FILE DIRECTLY.
# yarn lockfile v1


react-native-tabs@^1.0.9:
  version "1.0.9"
  resolved "https://registry.yarnpkg.com/react-native-tabs/-/react-native-tabs-1.0.9.tgz#75d3c35e8b5b6970869eab282372cb32e2a782cd"
  integrity sha1-ddPDXotbaXCGnqsoI3LLMuKngs0=
